{
  "name": "rack-rejector",
  "version": "1.0.0",
  "lockfileVersion": 2,
  "requires": true,
  "packages": {
    "": {
      "name": "rack-rejector",
      "version": "1.0.0",
      "license": "MIT",
      "devDependencies": {
        "@invisionag/prettier-config": "^2.1.0",
        "@prettier/plugin-ruby": "3.2.0",
        "prettier": "^2.7.1"
      }
    },
    "node_modules/@invisionag/prettier-config": {
      "version": "2.1.0",
      "resolved": "https://registry.npmjs.org/@invisionag/prettier-config/-/prettier-config-2.1.0.tgz",
      "integrity": "sha512-GQzy9xPlHvqrptweQvBTORArZoBYCokuRXIMgTrOSxsv3xsR8uuJWKNZKpmBCskxX7DkTlDJC2/eevJ3b0V4lA==",
      "dev": true,
      "peerDependencies": {
        "prettier": ">=2.0.0"
      }
    },
    "node_modules/@prettier/plugin-ruby": {
      "version": "3.2.0",
      "resolved": "https://registry.npmjs.org/@prettier/plugin-ruby/-/plugin-ruby-3.2.0.tgz",
      "integrity": "sha512-hCE4OVohe79FBAy0s9QLq8PmUc9cD4NbQtm2NHPWbSMq3mwHCRaxA+KYDRhHvG4AQIcf4YeQM8oRuTNyvLA41w==",
      "dev": true,
      "dependencies": {
        "prettier": ">=2.3.0"
      }
    },
    "node_modules/prettier": {
      "version": "2.7.1",
      "resolved": "https://registry.npmjs.org/prettier/-/prettier-2.7.1.tgz",
      "integrity": "sha512-ujppO+MkdPqoVINuDFDRLClm7D78qbDt0/NR+wp5FqEZOoTNAjPHWj17QRhu7geIHJfcNhRk1XVQmF8Bp3ye+g==",
      "dev": true,
      "bin": {
        "prettier": "bin-prettier.js"
      },
      "engines": {
        "node": ">=10.13.0"
      },
      "funding": {
        "url": "https://github.com/prettier/prettier?sponsor=1"
      }
    }
  },
  "dependencies": {
    "@invisionag/prettier-config": {
      "version": "2.1.0",
      "resolved": "https://registry.npmjs.org/@invisionag/prettier-config/-/prettier-config-2.1.0.tgz",
      "integrity": "sha512-GQzy9xPlHvqrptweQvBTORArZoBYCokuRXIMgTrOSxsv3xsR8uuJWKNZKpmBCskxX7DkTlDJC2/eevJ3b0V4lA==",
      "dev": true,
      "requires": {}
    },
    "@prettier/plugin-ruby": {
      "version": "3.2.0",
      "resolved": "https://registry.npmjs.org/@prettier/plugin-ruby/-/plugin-ruby-3.2.0.tgz",
      "integrity": "sha512-hCE4OVohe79FBAy0s9QLq8PmUc9cD4NbQtm2NHPWbSMq3mwHCRaxA+KYDRhHvG4AQIcf4YeQM8oRuTNyvLA41w==",
      "dev": true,
      "requires": {
        "prettier": ">=2.3.0"
      }
    },
    "prettier": {
      "version": "2.7.1",
      "resolved": "https://registry.npmjs.org/prettier/-/prettier-2.7.1.tgz",
      "integrity": "sha512-ujppO+MkdPqoVINuDFDRLClm7D78qbDt0/NR+wp5FqEZOoTNAjPHWj17QRhu7geIHJfcNhRk1XVQmF8Bp3ye+g==",
      "dev": true
    }
  }
}
