{
  "name": "rack-rejector",
  "version": "1.0.0",
  "lockfileVersion": 2,
  "requires": true,
  "packages": {
    "": {
      "name": "rack-rejector",
      "version": "1.0.0",
      "license": "MIT",
      "devDependencies": {
        "@invisionag/prettier-config-ivx": "^3.0.1",
        "@prettier/plugin-ruby": "3.1.2",
        "prettier": "^2.7.1"
      }
    },
    "node_modules/@invisionag/prettier-config-ivx": {
      "version": "3.0.1",
      "resolved": "https://registry.npmjs.org/@invisionag/prettier-config-ivx/-/prettier-config-ivx-3.0.1.tgz",
      "integrity": "sha512-l9oq6oWH/5f55StS8btmB4LfebfziO9tOY62ItJBwF4nKeMgI/iKBJ97r9Sqkxbq3qOKERuG1u4rAStX9m9GTg==",
      "dev": true,
      "peerDependencies": {
        "prettier": ">=2.0.0"
      }
    },
    "node_modules/@prettier/plugin-ruby": {
      "version": "3.1.2",
      "resolved": "https://registry.npmjs.org/@prettier/plugin-ruby/-/plugin-ruby-3.1.2.tgz",
      "integrity": "sha512-0riBsZYu9MEdWgiZPKpZTdCbvLOk01xTvOs1wJbO7Hw4Fd/rX4Qhz+qsgJm+zloO99Zng88OQy96nSb6KUQHZg==",
      "dev": true,
      "dependencies": {
        "prettier": ">=2.3.0"
      }
    },
    "node_modules/prettier": {
      "version": "2.7.1",
      "resolved": "https://registry.npmjs.org/prettier/-/prettier-2.7.1.tgz",
      "integrity": "sha512-ujppO+MkdPqoVINuDFDRLClm7D78qbDt0/NR+wp5FqEZOoTNAjPHWj17QRhu7geIHJfcNhRk1XVQmF8Bp3ye+g==",
      "dev": true,
      "bin": {
        "prettier": "bin-prettier.js"
      },
      "engines": {
        "node": ">=10.13.0"
      },
      "funding": {
        "url": "https://github.com/prettier/prettier?sponsor=1"
      }
    }
  },
  "dependencies": {
    "@invisionag/prettier-config-ivx": {
      "version": "3.0.1",
      "resolved": "https://registry.npmjs.org/@invisionag/prettier-config-ivx/-/prettier-config-ivx-3.0.1.tgz",
      "integrity": "sha512-l9oq6oWH/5f55StS8btmB4LfebfziO9tOY62ItJBwF4nKeMgI/iKBJ97r9Sqkxbq3qOKERuG1u4rAStX9m9GTg==",
      "dev": true,
      "requires": {}
    },
    "@prettier/plugin-ruby": {
      "version": "3.1.2",
      "resolved": "https://registry.npmjs.org/@prettier/plugin-ruby/-/plugin-ruby-3.1.2.tgz",
      "integrity": "sha512-0riBsZYu9MEdWgiZPKpZTdCbvLOk01xTvOs1wJbO7Hw4Fd/rX4Qhz+qsgJm+zloO99Zng88OQy96nSb6KUQHZg==",
      "dev": true,
      "requires": {
        "prettier": ">=2.3.0"
      }
    },
    "prettier": {
      "version": "2.7.1",
      "resolved": "https://registry.npmjs.org/prettier/-/prettier-2.7.1.tgz",
      "integrity": "sha512-ujppO+MkdPqoVINuDFDRLClm7D78qbDt0/NR+wp5FqEZOoTNAjPHWj17QRhu7geIHJfcNhRk1XVQmF8Bp3ye+g==",
      "dev": true
    }
  }
}
