# THIS IS AN AUTOGENERATED FILE. DO NOT EDIT THIS FILE DIRECTLY.
# yarn lockfile v1


"@prettier/plugin-ruby@1.5.0":
  version "1.5.0"
  resolved "https://registry.yarnpkg.com/@prettier/plugin-ruby/-/plugin-ruby-1.5.0.tgz#052b344d66c3b69c6277ac3b65bdab541d64ef2d"
  integrity sha512-iyJG6VFOnJS1LCXgYQS4fGdwEHEktH/tXVm5wE0NIZ42VOwsEn+CMrh/oJTmEkezTRTH7RYatiU4M3a3lfds2A==
  dependencies:
    prettier ">=1.10"

prettier@>=1.10, prettier@^2.2.0:
  version "2.2.1"
  resolved "https://registry.yarnpkg.com/prettier/-/prettier-2.2.1.tgz#795a1a78dd52f073da0cd42b21f9c91381923ff5"
  integrity sha512-PqyhM2yCjg/oKkFPtTGUojv7gnZAoG80ttl45O6x2Ug/rMJw4wcc9k6aaf2hibP7BGVCCM33gZoGjyvt9mm16Q==
