# This file is generated by running "yarn install" inside your project.
# Manual changes might be lost - proceed with caution!

__metadata:
  version: 4
  cacheKey: 7

"@invisionag/prettier-config-ivx@npm:^2.1.3":
  version: 2.1.3
  resolution: "@invisionag/prettier-config-ivx@npm:2.1.3"
  peerDependencies:
    prettier: ">=2.0.0"
  checksum: 2072aacd77cdf8dd5b3925c6e3d50fea719eb2c38c9768ad0cb238373dd38e85b1f05138861a775bfb073550ba152b74c2084bbc07fc600d719aa16739607d48
  languageName: node
  linkType: hard

"@prettier/plugin-ruby@npm:1.6.1":
  version: 1.6.1
  resolution: "@prettier/plugin-ruby@npm:1.6.1"
  dependencies:
    prettier: ">=1.10"
  checksum: 38530282b1653a82409a3a30739bbaad5926e30f97830fdee5895705c0aa89d8cbaf2f136366a00d3968c829ad226a2b26e9f68b3d73d2e6d1e29882afcf837a
  languageName: node
  linkType: hard

"prettier@npm:>=1.10":
  version: 2.2.1
  resolution: "prettier@npm:2.2.1"
  bin:
    prettier: bin-prettier.js
  checksum: 92c6c9f4b87eba1f28466edee57dd18c80d00b858edda77d46d1950d20e6e302b68ee255fc91133ba931e63c4577b5ae30da194d9626a8f3c0177778b91bf056
  languageName: node
  linkType: hard

"prettier@npm:^2.3.2":
  version: 2.3.2
  resolution: "prettier@npm:2.3.2"
  bin:
    prettier: bin-prettier.js
  checksum: 4fd89a7f6a12b13456d359fba2b1dd0fc0a17cf33f8f15953ab9f43b21ea9b09b5a2861d63b558ca0577274ce606d390e70628cf93e26d19d6cb7f19c9eebc31
  languageName: node
  linkType: hard

"rack-rejector@workspace:.":
  version: 0.0.0-use.local
  resolution: "rack-rejector@workspace:."
  dependencies:
    "@invisionag/prettier-config-ivx": ^2.1.3
    "@prettier/plugin-ruby": 1.6.1
    prettier: ^2.3.2
  languageName: unknown
  linkType: soft
