# This file is generated by running "yarn install" inside your project.
# Manual changes might be lost - proceed with caution!

__metadata:
  version: 4
  cacheKey: 7

"@invisionag/prettier-config-ivx@npm:^2.1.1":
  version: 2.1.1
  resolution: "@invisionag/prettier-config-ivx@npm:2.1.1"
  peerDependencies:
    prettier: ^2.0.5
  checksum: 026d2dbe720a7cf19114cd63713446dc1887b60a0048ac18308209b911aeb1562247f958396bdf94dd2255dd849292de04d6f17984b014909689b07ccac9e076
  languageName: node
  linkType: hard

"@prettier/plugin-ruby@npm:1.5.5":
  version: 1.5.5
  resolution: "@prettier/plugin-ruby@npm:1.5.5"
  dependencies:
    prettier: ">=1.10"
  checksum: 0ea874bf9ee0036a9d7d30ba0844bffc3a0657658bfd02ff79f5376149b1f24f3f427e4c6d5a7e55e158da51a723a6db89cf64617566aa7be53395f22749b916
  languageName: node
  linkType: hard

"prettier@npm:>=1.10, prettier@npm:^2.2.0":
  version: 2.2.1
  resolution: "prettier@npm:2.2.1"
  bin:
    prettier: bin-prettier.js
  checksum: 92c6c9f4b87eba1f28466edee57dd18c80d00b858edda77d46d1950d20e6e302b68ee255fc91133ba931e63c4577b5ae30da194d9626a8f3c0177778b91bf056
  languageName: node
  linkType: hard

"rack-rejector@workspace:.":
  version: 0.0.0-use.local
  resolution: "rack-rejector@workspace:."
  dependencies:
    "@invisionag/prettier-config-ivx": ^2.1.1
    "@prettier/plugin-ruby": 1.5.5
    prettier: ^2.2.0
  languageName: unknown
  linkType: soft
